// !$*UTF8*$!
{
	archiveVersion = 1;
	classes = {
	};
	objectVersion = 46;
	objects = {

/* Begin PBXBuildFile section */
		30B8F7AA2F22415C95D44EE5 /* Foundation.framework in Frameworks */ = {isa = PBXBuildFile; fileRef = C5289C15D60B41DBBC7AADB2 /* Foundation.framework */; };
		7615DE68A7FD408294BF581F /* FISAppDelegate.m in Sources */ = {isa = PBXBuildFile; fileRef = DD179C6C4A5A43839ECF32E8 /* FISAppDelegate.m */; };
		D0D7835FFCD34B79AC2E7477 /* main.m in Sources */ = {isa = PBXBuildFile; fileRef = E798758BBF044A70BEE06836 /* main.m */; };
		E15752C0E46D4CEDACD0094B /* Images.xcassets in Resources */ = {isa = PBXBuildFile; fileRef = 2CFA4DAF6FC9457FA2C246E6 /* Images.xcassets */; };
/* End PBXBuildFile section */

/* Begin PBXContainerItemProxy section */
		696F0072833F4BDFBEE9AB09 /* PBXContainerItemProxy */ = {
			isa = PBXContainerItemProxy;
			containerPortal = CEE0D29910134ABA8DD7069B /* Project object */;
			proxyType = 1;
			remoteGlobalIDString = F02503E5595B4429AA6DBB3A;
			remoteInfo = "horizontal-profile";
		};
/* End PBXContainerItemProxy section */

/* Begin PBXFileReference section */
		09CF2CF7400647758DF7FE78 /* horizontal-profile.app */ = {isa = PBXFileReference; explicitFileType = wrapper.application; includeInIndex = 0; path = "horizontal-profile.app"; sourceTree = BUILT_PRODUCTS_DIR; };
		2CFA4DAF6FC9457FA2C246E6 /* Images.xcassets */ = {isa = PBXFileReference; includeInIndex = 1; lastKnownFileType = folder.assetcatalog; path = Images.xcassets; sourceTree = "<group>"; };
		43484FA67152489395F54DC3 /* UnitTests-Info.plist */ = {isa = PBXFileReference; includeInIndex = 1; lastKnownFileType = text.plist.xml; path = "UnitTests-Info.plist"; sourceTree = "<group>"; };
		6F5DB406E6C94332841A101B /* FISAppDelegate.h */ = {isa = PBXFileReference; includeInIndex = 1; lastKnownFileType = sourcecode.c.h; path = FISAppDelegate.h; sourceTree = "<group>"; };
		855DAAE3806840F795A8F092 /* horizontal-profile-Prefix.pch */ = {isa = PBXFileReference; includeInIndex = 1; lastKnownFileType = sourcecode.c.h; path = "horizontal-profile-Prefix.pch"; sourceTree = "<group>"; };
		A361BE65D745413AB2AE4BA0 /* horizontal-profile-Info.plist */ = {isa = PBXFileReference; includeInIndex = 1; lastKnownFileType = text.plist.xml; path = "horizontal-profile-Info.plist"; sourceTree = "<group>"; };
		C5289C15D60B41DBBC7AADB2 /* Foundation.framework */ = {isa = PBXFileReference; lastKnownFileType = wrapper.framework; name = Foundation.framework; path = Platforms/iPhoneOS.platform/Developer/SDKs/iPhoneOS7.0.sdk/System/Library/Frameworks/Foundation.framework; sourceTree = DEVELOPER_DIR; };
		CA3F9134B18E4490A0E8492F /* UnitTests.xctest */ = {isa = PBXFileReference; explicitFileType = wrapper.cfbundle; includeInIndex = 0; path = UnitTests.xctest; sourceTree = BUILT_PRODUCTS_DIR; };
		D7FD6C4A91284A11B46FF1ED /* UnitTests-Prefix.pch */ = {isa = PBXFileReference; includeInIndex = 1; lastKnownFileType = sourcecode.c.h; path = "UnitTests-Prefix.pch"; sourceTree = "<group>"; };
		DD179C6C4A5A43839ECF32E8 /* FISAppDelegate.m */ = {isa = PBXFileReference; includeInIndex = 1; lastKnownFileType = sourcecode.c.objc; path = FISAppDelegate.m; sourceTree = "<group>"; };
		E798758BBF044A70BEE06836 /* main.m */ = {isa = PBXFileReference; includeInIndex = 1; lastKnownFileType = sourcecode.c.objc; path = main.m; sourceTree = "<group>"; };
/* End PBXFileReference section */

/* Begin PBXFrameworksBuildPhase section */
		18942D3CFFEF43998DB11217 /* Frameworks */ = {
			isa = PBXFrameworksBuildPhase;
			buildActionMask = 2147483647;
			files = (
			);
			runOnlyForDeploymentPostprocessing = 0;
		};
		E427CBC2854B42A7BB7F97A0 /* Frameworks */ = {
			isa = PBXFrameworksBuildPhase;
			buildActionMask = 2147483647;
			files = (
				30B8F7AA2F22415C95D44EE5 /* Foundation.framework in Frameworks */,
			);
			runOnlyForDeploymentPostprocessing = 0;
		};
/* End PBXFrameworksBuildPhase section */

/* Begin PBXGroup section */
		25AFF740D52444959B77250E /* Resources */ = {
			isa = PBXGroup;
			children = (
				43484FA67152489395F54DC3 /* UnitTests-Info.plist */,
				D7FD6C4A91284A11B46FF1ED /* UnitTests-Prefix.pch */,
			);
			path = Resources;
			sourceTree = "<group>";
		};
		2D530A0DFD8F4876B37547AE /* Tests */ = {
			isa = PBXGroup;
			children = (
			);
			path = Tests;
			sourceTree = "<group>";
		};
		53BDEF4431974CF08AA68F1C /* Other-Sources */ = {
			isa = PBXGroup;
			children = (
				A361BE65D745413AB2AE4BA0 /* horizontal-profile-Info.plist */,
				855DAAE3806840F795A8F092 /* horizontal-profile-Prefix.pch */,
				E798758BBF044A70BEE06836 /* main.m */,
			);
			path = "Other-Sources";
			sourceTree = "<group>";
		};
		58738B60A0324243A83685B9 /* iOS */ = {
			isa = PBXGroup;
			children = (
				C5289C15D60B41DBBC7AADB2 /* Foundation.framework */,
			);
			name = iOS;
			sourceTree = "<group>";
		};
		5FEABB93D65B470DB86EFBD5 /* horizontal-profile */ = {
			isa = PBXGroup;
			children = (
				6F5DB406E6C94332841A101B /* FISAppDelegate.h */,
				DD179C6C4A5A43839ECF32E8 /* FISAppDelegate.m */,
				DE6B38C886034C4B98712280 /* Resources */,
			);
			path = "horizontal-profile";
			sourceTree = "<group>";
		};
		6BB24D45AE334D7D94A9BDDF = {
			isa = PBXGroup;
			children = (
				5FEABB93D65B470DB86EFBD5 /* horizontal-profile */,
				800D1F667AD84D82B668F07B /* UnitTests */,
				FF6BA06AFAA64BA9B534F951 /* Frameworks */,
				F45B57E9EABA4CAF88A088FA /* Products */,
			);
			indentWidth = 4;
			sourceTree = "<group>";
			tabWidth = 4;
			usesTabs = 0;
		};
		800D1F667AD84D82B668F07B /* UnitTests */ = {
			isa = PBXGroup;
			children = (
				25AFF740D52444959B77250E /* Resources */,
				2D530A0DFD8F4876B37547AE /* Tests */,
			);
			path = UnitTests;
			sourceTree = "<group>";
		};
		DE6B38C886034C4B98712280 /* Resources */ = {
			isa = PBXGroup;
			children = (
				2CFA4DAF6FC9457FA2C246E6 /* Images.xcassets */,
				53BDEF4431974CF08AA68F1C /* Other-Sources */,
			);
			path = Resources;
			sourceTree = "<group>";
		};
		F45B57E9EABA4CAF88A088FA /* Products */ = {
			isa = PBXGroup;
			children = (
				09CF2CF7400647758DF7FE78 /* horizontal-profile.app */,
				CA3F9134B18E4490A0E8492F /* UnitTests.xctest */,
			);
			name = Products;
			sourceTree = "<group>";
		};
		FF6BA06AFAA64BA9B534F951 /* Frameworks */ = {
			isa = PBXGroup;
			children = (
				58738B60A0324243A83685B9 /* iOS */,
			);
			name = Frameworks;
			sourceTree = "<group>";
		};
/* End PBXGroup section */

/* Begin PBXNativeTarget section */
		557C9987F5EB4438B1FABD96 /* UnitTests */ = {
			isa = PBXNativeTarget;
			buildConfigurationList = CC26CD17A2224069B05153CC /* Build configuration list for PBXNativeTarget "UnitTests" */;
			buildPhases = (
				EA84D8F14AEB4DB0A532BD12 /* Sources */,
				18942D3CFFEF43998DB11217 /* Frameworks */,
				566099E63FE3496EBBCED0A2 /* Resources */,
			);
			buildRules = (
			);
			dependencies = (
				D2D5EC9843FF4A1EA3646F2A /* PBXTargetDependency */,
			);
			name = UnitTests;
			productName = UnitTests;
			productReference = CA3F9134B18E4490A0E8492F /* UnitTests.xctest */;
			productType = "com.apple.product-type.bundle.unit-test";
		};
		F02503E5595B4429AA6DBB3A /* horizontal-profile */ = {
			isa = PBXNativeTarget;
			buildConfigurationList = 7C890D6FF047489698907B0C /* Build configuration list for PBXNativeTarget "horizontal-profile" */;
			buildPhases = (
				2A46AEA7A81C44CDA405EB5A /* Sources */,
				E427CBC2854B42A7BB7F97A0 /* Frameworks */,
				1C59262BDD8249A7A89BBB47 /* Resources */,
				8198DF16C96E4C0D86D2391F /* Warn for TODO and FIXME comments */,
			);
			buildRules = (
			);
			dependencies = (
			);
			name = "horizontal-profile";
			productName = "horizontal-profile";
			productReference = 09CF2CF7400647758DF7FE78 /* horizontal-profile.app */;
			productType = "com.apple.product-type.application";
		};
/* End PBXNativeTarget section */

/* Begin PBXProject section */
		CEE0D29910134ABA8DD7069B /* Project object */ = {
			isa = PBXProject;
			attributes = {
				CLASSPREFIX = FIS;
				LastUpgradeCheck = 0500;
				ORGANIZATIONNAME = "The Flatiron School";
			};
			buildConfigurationList = 3BF3F05C5A5A409AA7D9C94E /* Build configuration list for PBXProject "horizontal-profile" */;
			compatibilityVersion = "Xcode 3.2";
			developmentRegion = English;
			hasScannedForEncodings = 0;
			knownRegions = (
				en,
			);
			mainGroup = 6BB24D45AE334D7D94A9BDDF;
			productRefGroup = F45B57E9EABA4CAF88A088FA /* Products */;
			projectDirPath = "";
			projectRoot = "";
			targets = (
				F02503E5595B4429AA6DBB3A /* horizontal-profile */,
				557C9987F5EB4438B1FABD96 /* UnitTests */,
			);
		};
/* End PBXProject section */

/* Begin PBXResourcesBuildPhase section */
		1C59262BDD8249A7A89BBB47 /* Resources */ = {
			isa = PBXResourcesBuildPhase;
			buildActionMask = 2147483647;
			files = (
				E15752C0E46D4CEDACD0094B /* Images.xcassets in Resources */,
			);
			runOnlyForDeploymentPostprocessing = 0;
		};
		566099E63FE3496EBBCED0A2 /* Resources */ = {
			isa = PBXResourcesBuildPhase;
			buildActionMask = 2147483647;
			files = (
			);
			runOnlyForDeploymentPostprocessing = 0;
		};
/* End PBXResourcesBuildPhase section */

/* Begin PBXShellScriptBuildPhase section */
		8198DF16C96E4C0D86D2391F /* Warn for TODO and FIXME comments */ = {
			isa = PBXShellScriptBuildPhase;
			buildActionMask = 2147483647;
			files = (
			);
			inputPaths = (
			);
			name = "Warn for TODO and FIXME comments";
			outputPaths = (
			);
			runOnlyForDeploymentPostprocessing = 0;
			shellPath = /bin/sh;
			shellScript = "KEYWORDS=\"TODO:|FIXME:|\\?\\?\\?:|\\!\\!\\!:\"\nFILE_EXTENSIONS=\"h|m|mm|c|cpp\"\nfind -E \"${SRCROOT}\" -ipath \"${SRCROOT}/pods\" -prune -o \\( -regex \".*\\.($FILE_EXTENSIONS)$\" \\) -print0 | xargs -0 egrep --with-filename --line-number --only-matching \"($KEYWORDS).*\\$\" | perl -p -e \"s/($KEYWORDS)/ warning: \\$1/\"\n";
		};
/* End PBXShellScriptBuildPhase section */

/* Begin PBXSourcesBuildPhase section */
		2A46AEA7A81C44CDA405EB5A /* Sources */ = {
			isa = PBXSourcesBuildPhase;
			buildActionMask = 2147483647;
			files = (
				7615DE68A7FD408294BF581F /* FISAppDelegate.m in Sources */,
				D0D7835FFCD34B79AC2E7477 /* main.m in Sources */,
			);
			runOnlyForDeploymentPostprocessing = 0;
		};
		EA84D8F14AEB4DB0A532BD12 /* Sources */ = {
			isa = PBXSourcesBuildPhase;
			buildActionMask = 2147483647;
			files = (
			);
			runOnlyForDeploymentPostprocessing = 0;
		};
/* End PBXSourcesBuildPhase section */

/* Begin PBXTargetDependency section */
		D2D5EC9843FF4A1EA3646F2A /* PBXTargetDependency */ = {
			isa = PBXTargetDependency;
			target = F02503E5595B4429AA6DBB3A /* horizontal-profile */;
			targetProxy = 696F0072833F4BDFBEE9AB09 /* PBXContainerItemProxy */;
		};
/* End PBXTargetDependency section */

/* Begin XCBuildConfiguration section */
		0D3E66407DA24242A273A281 /* Debug */ = {
			isa = XCBuildConfiguration;
			buildSettings = {
				ALWAYS_SEARCH_USER_PATHS = NO;
				ASSETCATALOG_COMPILER_APPICON_NAME = AppIcon;
				ASSETCATALOG_COMPILER_LAUNCHIMAGE_NAME = LaunchImage;
				CLANG_CXX_LANGUAGE_STANDARD = "gnu++0x";
				CLANG_CXX_LIBRARY = "libc++";
				CLANG_ENABLE_MODULES = YES;
				CLANG_ENABLE_OBJC_ARC = YES;
				CLANG_WARN_BOOL_CONVERSION = YES;
				CLANG_WARN_CONSTANT_CONVERSION = YES;
				CLANG_WARN_DEPRECATED_OBJC_IMPLEMENTATIONS = YES;
				CLANG_WARN_DIRECT_OBJC_ISA_USAGE = YES_ERROR;
				CLANG_WARN_EMPTY_BODY = YES;
				CLANG_WARN_ENUM_CONVERSION = YES;
				CLANG_WARN_INT_CONVERSION = YES;
				CLANG_WARN_OBJC_IMPLICIT_RETAIN_SELF = YES;
				CLANG_WARN_OBJC_ROOT_CLASS = YES_ERROR;
				CLANG_WARN_SUSPICIOUS_IMPLICIT_CONVERSION = YES;
				"CODE_SIGN_IDENTITY[sdk=iphoneos*]" = "iPhone Developer";
				COPY_PHASE_STRIP = YES;
				GCC_C_LANGUAGE_STANDARD = gnu99;
				GCC_DYNAMIC_NO_PIC = NO;
				GCC_OPTIMIZATION_LEVEL = 0;
				GCC_PREPROCESSOR_DEFINITIONS = (
					"DEBUG=1",
					"$(inherited)",
				);
				GCC_SYMBOLS_PRIVATE_EXTERN = NO;
				GCC_WARN_64_TO_32_BIT_CONVERSION = YES;
				GCC_WARN_ABOUT_DEPRECATED_FUNCTIONS = YES;
				GCC_WARN_ABOUT_MISSING_FIELD_INITIALIZERS = YES;
				GCC_WARN_ABOUT_MISSING_NEWLINE = YES;
				GCC_WARN_ABOUT_RETURN_TYPE = YES;
				GCC_WARN_CHECK_SWITCH_STATEMENTS = YES;
				GCC_WARN_INITIALIZER_NOT_FULLY_BRACKETED = YES;
				GCC_WARN_MISSING_PARENTHESES = YES;
				GCC_WARN_SHADOW = YES;
				GCC_WARN_TYPECHECK_CALLS_TO_PRINTF = YES;
				GCC_WARN_UNDECLARED_SELECTOR = YES;
				GCC_WARN_UNINITIALIZED_AUTOS = YES;
				GCC_WARN_UNUSED_FUNCTION = YES;
				GCC_WARN_UNUSED_LABEL = YES;
				GCC_WARN_UNUSED_VALUE = YES;
				GCC_WARN_UNUSED_VARIABLE = YES;
				IPHONEOS_DEPLOYMENT_TARGET = 7.0;
				ONLY_ACTIVE_ARCH = YES;
				SDKROOT = iphoneos;
			};
			name = Debug;
		};
		2E00043CEFD14DDEB884A785 /* Debug */ = {
			isa = XCBuildConfiguration;
			buildSettings = {
				ALWAYS_SEARCH_USER_PATHS = NO;
				COPY_PHASE_STRIP = NO;
				DSTROOT = /tmp/xcodeproj.dst;
				GCC_C_LANGUAGE_STANDARD = gnu99;
				GCC_DYNAMIC_NO_PIC = NO;
				GCC_OPTIMIZATION_LEVEL = 0;
				GCC_PRECOMPILE_PREFIX_HEADER = YES;
				GCC_PREFIX_HEADER = "horizontal-profile/Resources/Other-Sources/horizontal-profile-Prefix.pch";
				GCC_PREPROCESSOR_DEFINITIONS = (
					"DEBUG=1",
					"$(inherited)",
				);
				GCC_SYMBOLS_PRIVATE_EXTERN = NO;
				GCC_VERSION = com.apple.compilers.llvm.clang.1_0;
				INFOPLIST_FILE = "horizontal-profile/Resources/Other-Sources/horizontal-profile-Info.plist";
				INSTALL_PATH = "$(BUILT_PRODUCTS_DIR)";
				PRODUCT_NAME = "$(TARGET_NAME)";
				PUBLIC_HEADERS_FOLDER_PATH = "$(TARGET_NAME)";
				SDKROOT = iphoneos;
			};
			name = Debug;
		};
		3B321E667C5E47DBB592038E /* Release */ = {
			isa = XCBuildConfiguration;
			buildSettings = {
				ALWAYS_SEARCH_USER_PATHS = NO;
				COPY_PHASE_STRIP = YES;
				DSTROOT = /tmp/xcodeproj.dst;
				GCC_C_LANGUAGE_STANDARD = gnu99;
				GCC_PRECOMPILE_PREFIX_HEADER = YES;
				GCC_PREFIX_HEADER = "horizontal-profile/Resources/Other-Sources/horizontal-profile-Prefix.pch";
				GCC_VERSION = com.apple.compilers.llvm.clang.1_0;
				INFOPLIST_FILE = "horizontal-profile/Resources/Other-Sources/horizontal-profile-Info.plist";
				INSTALL_PATH = "$(BUILT_PRODUCTS_DIR)";
				OTHER_CFLAGS = (
					"-DNS_BLOCK_ASSERTIONS=1",
					"$(inherited)",
				);
				OTHER_CPLUSPLUSFLAGS = (
					"-DNS_BLOCK_ASSERTIONS=1",
					"$(inherited)",
				);
				PRODUCT_NAME = "$(TARGET_NAME)";
				PUBLIC_HEADERS_FOLDER_PATH = "$(TARGET_NAME)";
				SDKROOT = iphoneos;
				VALIDATE_PRODUCT = YES;
			};
			name = Release;
		};
		A4911250E11F4A8FBCB24506 /* Debug */ = {
			isa = XCBuildConfiguration;
			buildSettings = {
				BUNDLE_LOADER = "$(BUILT_PRODUCTS_DIR)/horizontal-profile.app/horizontal-profile";
				FRAMEWORK_SEARCH_PATHS = (
					"$(SDKROOT)/Developer/Library/Frameworks",
					"$(inherited)",
					"$(DEVELOPER_FRAMEWORKS_DIR)",
				);
				GCC_PREFIX_HEADER = "UnitTests/Resources/UnitTests-Prefix.pch";
				INFOPLIST_FILE = "UnitTests/Resources/UnitTests-Info.plist";
				PRODUCT_NAME = "$(TARGET_NAME)";
				SDKROOT = iphoneos;
				SKIP_INSTALL = YES;
				TEST_HOST = "$(BUNDLE_LOADER)";
				WRAPPER_EXTENSION = xctest;
			};
			name = Debug;
		};
		D609725CDEEB44BFAA9DF1C3 /* Release */ = {
			isa = XCBuildConfiguration;
			buildSettings = {
				BUNDLE_LOADER = "$(BUILT_PRODUCTS_DIR)/horizontal-profile.app/horizontal-profile";
				FRAMEWORK_SEARCH_PATHS = (
					"$(SDKROOT)/Developer/Library/Frameworks",
					"$(inherited)",
					"$(DEVELOPER_FRAMEWORKS_DIR)",
				);
				GCC_PREFIX_HEADER = "UnitTests/Resources/UnitTests-Prefix.pch";
				INFOPLIST_FILE = "UnitTests/Resources/UnitTests-Info.plist";
				PRODUCT_NAME = "$(TARGET_NAME)";
				SDKROOT = iphoneos;
				SKIP_INSTALL = YES;
				TEST_HOST = "$(BUNDLE_LOADER)";
				WRAPPER_EXTENSION = xctest;
			};
			name = Release;
		};
		E17055206D8447AA82AD3777 /* Release */ = {
			isa = XCBuildConfiguration;
			buildSettings = {
				ALWAYS_SEARCH_USER_PATHS = NO;
				ASSETCATALOG_COMPILER_APPICON_NAME = AppIcon;
				ASSETCATALOG_COMPILER_LAUNCHIMAGE_NAME = LaunchImage;
				CLANG_CXX_LANGUAGE_STANDARD = "gnu++0x";
				CLANG_CXX_LIBRARY = "libc++";
				CLANG_ENABLE_MODULES = YES;
				CLANG_ENABLE_OBJC_ARC = YES;
				CLANG_WARN_BOOL_CONVERSION = YES;
				CLANG_WARN_CONSTANT_CONVERSION = YES;
				CLANG_WARN_DEPRECATED_OBJC_IMPLEMENTATIONS = YES;
				CLANG_WARN_DIRECT_OBJC_ISA_USAGE = YES_ERROR;
				CLANG_WARN_EMPTY_BODY = YES;
				CLANG_WARN_ENUM_CONVERSION = YES;
				CLANG_WARN_INT_CONVERSION = YES;
				CLANG_WARN_OBJC_IMPLICIT_RETAIN_SELF = YES;
				CLANG_WARN_OBJC_ROOT_CLASS = YES_ERROR;
				CLANG_WARN_SUSPICIOUS_IMPLICIT_CONVERSION = YES;
				"CODE_SIGN_IDENTITY[sdk=iphoneos*]" = "iPhone Developer";
				COPY_PHASE_STRIP = NO;
				ENABLE_NS_ASSERTIONS = NO;
				GCC_C_LANGUAGE_STANDARD = gnu99;
				GCC_WARN_64_TO_32_BIT_CONVERSION = YES;
				GCC_WARN_ABOUT_DEPRECATED_FUNCTIONS = YES;
				GCC_WARN_ABOUT_MISSING_FIELD_INITIALIZERS = YES;
				GCC_WARN_ABOUT_MISSING_NEWLINE = YES;
				GCC_WARN_ABOUT_RETURN_TYPE = YES;
				GCC_WARN_CHECK_SWITCH_STATEMENTS = YES;
				GCC_WARN_INITIALIZER_NOT_FULLY_BRACKETED = YES;
				GCC_WARN_MISSING_PARENTHESES = YES;
				GCC_WARN_SHADOW = YES;
				GCC_WARN_TYPECHECK_CALLS_TO_PRINTF = YES;
				GCC_WARN_UNDECLARED_SELECTOR = YES;
				GCC_WARN_UNINITIALIZED_AUTOS = YES;
				GCC_WARN_UNUSED_FUNCTION = YES;
				GCC_WARN_UNUSED_LABEL = YES;
				GCC_WARN_UNUSED_VALUE = YES;
				GCC_WARN_UNUSED_VARIABLE = YES;
				IPHONEOS_DEPLOYMENT_TARGET = 7.0;
				SDKROOT = iphoneos;
				VALIDATE_PRODUCT = YES;
			};
			name = Release;
		};
/* End XCBuildConfiguration section */

/* Begin XCConfigurationList section */
		3BF3F05C5A5A409AA7D9C94E /* Build configuration list for PBXProject "horizontal-profile" */ = {
			isa = XCConfigurationList;
			buildConfigurations = (
				0D3E66407DA24242A273A281 /* Debug */,
				E17055206D8447AA82AD3777 /* Release */,
			);
			defaultConfigurationIsVisible = 0;
			defaultConfigurationName = Release;
		};
		7C890D6FF047489698907B0C /* Build configuration list for PBXNativeTarget "horizontal-profile" */ = {
			isa = XCConfigurationList;
			buildConfigurations = (
				3B321E667C5E47DBB592038E /* Release */,
				2E00043CEFD14DDEB884A785 /* Debug */,
			);
			defaultConfigurationIsVisible = 0;
			defaultConfigurationName = Release;
		};
		CC26CD17A2224069B05153CC /* Build configuration list for PBXNativeTarget "UnitTests" */ = {
			isa = XCConfigurationList;
			buildConfigurations = (
				D609725CDEEB44BFAA9DF1C3 /* Release */,
				A4911250E11F4A8FBCB24506 /* Debug */,
			);
			defaultConfigurationIsVisible = 0;
			defaultConfigurationName = Release;
		};
/* End XCConfigurationList section */
	};
	rootObject = CEE0D29910134ABA8DD7069B /* Project object */;
}
